
Microsoft Visual Studio Solution File, Format Version 12.00
# Visual Studio Version 17
VisualStudioVersion = 17.2.32526.322
MinimumVisualStudioVersion = 10.0.40219.1
Project("{FAE04EC0-301F-11D3-BF4B-00C04F79EFBC}") = "Crawly.Core", "src\Crawly.Core\Crawly.Core.csproj", "{73966B85-4BCB-42C7-9383-3023A709409A}"
EndProject
Project("{FAE04EC0-301F-11D3-BF4B-00C04F79EFBC}") = "Crawly.Infrastructure", "src\Crawly.Infrastructure\Crawly.Infrastructure.csproj", "{29A83421-39BE-4BB5-B190-5826BBA99C2F}"
EndProject
Project("{FAE04EC0-301F-11D3-BF4B-00C04F79EFBC}") = "Crawly.UI.Console", "src\Crawly.UI.Console\Crawly.UI.Console.csproj", "{59F06212-A77C-4E46-802C-BFE0E8DEA145}"
EndProject
Global
	GlobalSection(SolutionConfigurationPlatforms) = preSolution
		Debug|Any CPU = Debug|Any CPU
		Release|Any CPU = Release|Any CPU
	EndGlobalSection
	GlobalSection(ProjectConfigurationPlatforms) = postSolution
		{73966B85-4BCB-42C7-9383-3023A709409A}.Debug|Any CPU.ActiveCfg = Debug|Any CPU
		{73966B85-4BCB-42C7-9383-3023A709409A}.Debug|Any CPU.Build.0 = Debug|Any CPU
		{73966B85-4BCB-42C7-9383-3023A709409A}.Release|Any CPU.ActiveCfg = Release|Any CPU
		{73966B85-4BCB-42C7-9383-3023A709409A}.Release|Any CPU.Build.0 = Release|Any CPU
		{29A83421-39BE-4BB5-B190-5826BBA99C2F}.Debug|Any CPU.ActiveCfg = Debug|Any CPU
		{29A83421-39BE-4BB5-B190-5826BBA99C2F}.Debug|Any CPU.Build.0 = Debug|Any CPU
		{29A83421-39BE-4BB5-B190-5826BBA99C2F}.Release|Any CPU.ActiveCfg = Release|Any CPU
		{29A83421-39BE-4BB5-B190-5826BBA99C2F}.Release|Any CPU.Build.0 = Release|Any CPU
		{59F06212-A77C-4E46-802C-BFE0E8DEA145}.Debug|Any CPU.ActiveCfg = Debug|Any CPU
		{59F06212-A77C-4E46-802C-BFE0E8DEA145}.Debug|Any CPU.Build.0 = Debug|Any CPU
		{59F06212-A77C-4E46-802C-BFE0E8DEA145}.Release|Any CPU.ActiveCfg = Release|Any CPU
		{59F06212-A77C-4E46-802C-BFE0E8DEA145}.Release|Any CPU.Build.0 = Release|Any CPU
	EndGlobalSection
	GlobalSection(SolutionProperties) = preSolution
		HideSolutionNode = FALSE
	EndGlobalSection
	GlobalSection(ExtensibilityGlobals) = postSolution
		SolutionGuid = {763317F5-7C1C-4A51-BEB6-A970E81FC453}
	EndGlobalSection
EndGlobal
